
Microsoft Visual Studio Solution File, Format Version 12.00
# Visual Studio Version 17
VisualStudioVersion = 17.4.33213.308
MinimumVisualStudioVersion = 10.0.40219.1
Project("{FAE04EC0-301F-11D3-BF4B-00C04F79EFBC}") = "Mauro", "Mauro\Mauro.csproj", "{CE64293C-00F5-45C3-BA17-C7736C089FB1}"
EndProject
Global
	GlobalSection(SolutionConfigurationPlatforms) = preSolution
		Debug|Any CPU = Debug|Any CPU
		Release|Any CPU = Release|Any CPU
	EndGlobalSection
	GlobalSection(ProjectConfigurationPlatforms) = postSolution
		{CE64293C-00F5-45C3-BA17-C7736C089FB1}.Debug|Any CPU.ActiveCfg = Debug|Any CPU
		{CE64293C-00F5-45C3-BA17-C7736C089FB1}.Debug|Any CPU.Build.0 = Debug|Any CPU
		{CE64293C-00F5-45C3-BA17-C7736C089FB1}.Release|Any CPU.ActiveCfg = Release|Any CPU
		{CE64293C-00F5-45C3-BA17-C7736C089FB1}.Release|Any CPU.Build.0 = Release|Any CPU
	EndGlobalSection
	GlobalSection(SolutionProperties) = preSolution
		HideSolutionNode = FALSE
	EndGlobalSection
	GlobalSection(ExtensibilityGlobals) = postSolution
		SolutionGuid = {154AE3FF-4D08-4FBA-9BBF-7448B5431E0A}
	EndGlobalSection
EndGlobal
